
Microsoft Visual Studio Solution File, Format Version 12.00
# Visual Studio Version 16
VisualStudioVersion = 16.0.33529.622
MinimumVisualStudioVersion = 10.0.40219.1
Project("{FAE04EC0-301F-11D3-BF4B-00C04F79EFBC}") = "Calculator.UWP", "Calculator\Calculator.UWP\Calculator.UWP.csproj", "{127059D9-6170-421A-B786-C61BF2058DC1}"
EndProject
Project("{FAE04EC0-301F-11D3-BF4B-00C04F79EFBC}") = "Calculator.Android", "Calculator\Calculator.Android\Calculator.Android.csproj", "{C31EB17E-423A-4549-BFCB-08A7D9146591}"
EndProject
Project("{FAE04EC0-301F-11D3-BF4B-00C04F79EFBC}") = "Calculator.iOS", "Calculator\Calculator.iOS\Calculator.iOS.csproj", "{1166CEBF-3988-48F2-8EAD-36D93ECE1A49}"
EndProject
Project("{FAE04EC0-301F-11D3-BF4B-00C04F79EFBC}") = "Calculator", "Calculator\Calculator\Calculator.csproj", "{DA254FAD-7FCC-4BCB-AA5D-FF32D891A147}"
EndProject
Global
	GlobalSection(SolutionConfigurationPlatforms) = preSolution
		Debug|Any CPU = Debug|Any CPU
		Debug|ARM = Debug|ARM
		Debug|iPhone = Debug|iPhone
		Debug|iPhoneSimulator = Debug|iPhoneSimulator
		Debug|x64 = Debug|x64
		Debug|x86 = Debug|x86
		Release|Any CPU = Release|Any CPU
		Release|ARM = Release|ARM
		Release|iPhone = Release|iPhone
		Release|iPhoneSimulator = Release|iPhoneSimulator
		Release|x64 = Release|x64
		Release|x86 = Release|x86
	EndGlobalSection
	GlobalSection(ProjectConfigurationPlatforms) = postSolution
		{127059D9-6170-421A-B786-C61BF2058DC1}.Debug|Any CPU.ActiveCfg = Debug|x86
		{127059D9-6170-421A-B786-C61BF2058DC1}.Debug|Any CPU.Build.0 = Debug|x86
		{127059D9-6170-421A-B786-C61BF2058DC1}.Debug|Any CPU.Deploy.0 = Debug|x86
		{127059D9-6170-421A-B786-C61BF2058DC1}.Debug|ARM.ActiveCfg = Debug|ARM
		{127059D9-6170-421A-B786-C61BF2058DC1}.Debug|ARM.Build.0 = Debug|ARM
		{127059D9-6170-421A-B786-C61BF2058DC1}.Debug|ARM.Deploy.0 = Debug|ARM
		{127059D9-6170-421A-B786-C61BF2058DC1}.Debug|iPhone.ActiveCfg = Debug|x86
		{127059D9-6170-421A-B786-C61BF2058DC1}.Debug|iPhone.Build.0 = Debug|x86
		{127059D9-6170-421A-B786-C61BF2058DC1}.Debug|iPhone.Deploy.0 = Debug|x86
		{127059D9-6170-421A-B786-C61BF2058DC1}.Debug|iPhoneSimulator.ActiveCfg = Debug|x86
		{127059D9-6170-421A-B786-C61BF2058DC1}.Debug|iPhoneSimulator.Build.0 = Debug|x86
		{127059D9-6170-421A-B786-C61BF2058DC1}.Debug|iPhoneSimulator.Deploy.0 = Debug|x86
		{127059D9-6170-421A-B786-C61BF2058DC1}.Debug|x64.ActiveCfg = Debug|x64
		{127059D9-6170-421A-B786-C61BF2058DC1}.Debug|x64.Build.0 = Debug|x64
		{127059D9-6170-421A-B786-C61BF2058DC1}.Debug|x64.Deploy.0 = Debug|x64
		{127059D9-6170-421A-B786-C61BF2058DC1}.Debug|x86.ActiveCfg = Debug|x86
		{127059D9-6170-421A-B786-C61BF2058DC1}.Debug|x86.Build.0 = Debug|x86
		{127059D9-6170-421A-B786-C61BF2058DC1}.Debug|x86.Deploy.0 = Debug|x86
		{127059D9-6170-421A-B786-C61BF2058DC1}.Release|Any CPU.ActiveCfg = Release|x86
		{127059D9-6170-421A-B786-C61BF2058DC1}.Release|Any CPU.Build.0 = Release|x86
		{127059D9-6170-421A-B786-C61BF2058DC1}.Release|Any CPU.Deploy.0 = Release|x86
		{127059D9-6170-421A-B786-C61BF2058DC1}.Release|ARM.ActiveCfg = Release|ARM
		{127059D9-6170-421A-B786-C61BF2058DC1}.Release|ARM.Build.0 = Release|ARM
		{127059D9-6170-421A-B786-C61BF2058DC1}.Release|ARM.Deploy.0 = Release|ARM
		{127059D9-6170-421A-B786-C61BF2058DC1}.Release|iPhone.ActiveCfg = Release|x86
		{127059D9-6170-421A-B786-C61BF2058DC1}.Release|iPhone.Build.0 = Release|x86
		{127059D9-6170-421A-B786-C61BF2058DC1}.Release|iPhone.Deploy.0 = Release|x86
		{127059D9-6170-421A-B786-C61BF2058DC1}.Release|iPhoneSimulator.ActiveCfg = Release|x86
		{127059D9-6170-421A-B786-C61BF2058DC1}.Release|iPhoneSimulator.Build.0 = Release|x86
		{127059D9-6170-421A-B786-C61BF2058DC1}.Release|iPhoneSimulator.Deploy.0 = Release|x86
		{127059D9-6170-421A-B786-C61BF2058DC1}.Release|x64.ActiveCfg = Release|x64
		{127059D9-6170-421A-B786-C61BF2058DC1}.Release|x64.Build.0 = Release|x64
		{127059D9-6170-421A-B786-C61BF2058DC1}.Release|x64.Deploy.0 = Release|x64
		{127059D9-6170-421A-B786-C61BF2058DC1}.Release|x86.ActiveCfg = Release|x86
		{127059D9-6170-421A-B786-C61BF2058DC1}.Release|x86.Build.0 = Release|x86
		{127059D9-6170-421A-B786-C61BF2058DC1}.Release|x86.Deploy.0 = Release|x86
		{C31EB17E-423A-4549-BFCB-08A7D9146591}.Debug|Any CPU.ActiveCfg = Debug|Any CPU
		{C31EB17E-423A-4549-BFCB-08A7D9146591}.Debug|Any CPU.Build.0 = Debug|Any CPU
		{C31EB17E-423A-4549-BFCB-08A7D9146591}.Debug|Any CPU.Deploy.0 = Debug|Any CPU
		{C31EB17E-423A-4549-BFCB-08A7D9146591}.Debug|ARM.ActiveCfg = Debug|Any CPU
		{C31EB17E-423A-4549-BFCB-08A7D9146591}.Debug|ARM.Build.0 = Debug|Any CPU
		{C31EB17E-423A-4549-BFCB-08A7D9146591}.Debug|ARM.Deploy.0 = Debug|Any CPU
		{C31EB17E-423A-4549-BFCB-08A7D9146591}.Debug|iPhone.ActiveCfg = Debug|Any CPU
		{C31EB17E-423A-4549-BFCB-08A7D9146591}.Debug|iPhone.Build.0 = Debug|Any CPU
		{C31EB17E-423A-4549-BFCB-08A7D9146591}.Debug|iPhone.Deploy.0 = Debug|Any CPU
		{C31EB17E-423A-4549-BFCB-08A7D9146591}.Debug|iPhoneSimulator.ActiveCfg = Debug|Any CPU
		{C31EB17E-423A-4549-BFCB-08A7D9146591}.Debug|iPhoneSimulator.Build.0 = Debug|Any CPU
		{C31EB17E-423A-4549-BFCB-08A7D9146591}.Debug|iPhoneSimulator.Deploy.0 = Debug|Any CPU
		{C31EB17E-423A-4549-BFCB-08A7D9146591}.Debug|x64.ActiveCfg = Debug|Any CPU
		{C31EB17E-423A-4549-BFCB-08A7D9146591}.Debug|x64.Build.0 = Debug|Any CPU
		{C31EB17E-423A-4549-BFCB-08A7D9146591}.Debug|x64.Deploy.0 = Debug|Any CPU
		{C31EB17E-423A-4549-BFCB-08A7D9146591}.Debug|x86.ActiveCfg = Debug|Any CPU
		{C31EB17E-423A-4549-BFCB-08A7D9146591}.Debug|x86.Build.0 = Debug|Any CPU
		{C31EB17E-423A-4549-BFCB-08A7D9146591}.Debug|x86.Deploy.0 = Debug|Any CPU
		{C31EB17E-423A-4549-BFCB-08A7D9146591}.Release|Any CPU.ActiveCfg = Release|Any CPU
		{C31EB17E-423A-4549-BFCB-08A7D9146591}.Release|Any CPU.Build.0 = Release|Any CPU
		{C31EB17E-423A-4549-BFCB-08A7D9146591}.Release|Any CPU.Deploy.0 = Release|Any CPU
		{C31EB17E-423A-4549-BFCB-08A7D9146591}.Release|ARM.ActiveCfg = Release|Any CPU
		{C31EB17E-423A-4549-BFCB-08A7D9146591}.Release|ARM.Build.0 = Release|Any CPU
		{C31EB17E-423A-4549-BFCB-08A7D9146591}.Release|ARM.Deploy.0 = Release|Any CPU
		{C31EB17E-423A-4549-BFCB-08A7D9146591}.Release|iPhone.ActiveCfg = Release|Any CPU
		{C31EB17E-423A-4549-BFCB-08A7D9146591}.Release|iPhone.Build.0 = Release|Any CPU
		{C31EB17E-423A-4549-BFCB-08A7D9146591}.Release|iPhone.Deploy.0 = Release|Any CPU
		{C31EB17E-423A-4549-BFCB-08A7D9146591}.Release|iPhoneSimulator.ActiveCfg = Release|Any CPU
		{C31EB17E-423A-4549-BFCB-08A7D9146591}.Release|iPhoneSimulator.Build.0 = Release|Any CPU
		{C31EB17E-423A-4549-BFCB-08A7D9146591}.Release|iPhoneSimulator.Deploy.0 = Release|Any CPU
		{C31EB17E-423A-4549-BFCB-08A7D9146591}.Release|x64.ActiveCfg = Release|Any CPU
		{C31EB17E-423A-4549-BFCB-08A7D9146591}.Release|x64.Build.0 = Release|Any CPU
		{C31EB17E-423A-4549-BFCB-08A7D9146591}.Release|x64.Deploy.0 = Release|Any CPU
		{C31EB17E-423A-4549-BFCB-08A7D9146591}.Release|x86.ActiveCfg = Release|Any CPU
		{C31EB17E-423A-4549-BFCB-08A7D9146591}.Release|x86.Build.0 = Release|Any CPU
		{C31EB17E-423A-4549-BFCB-08A7D9146591}.Release|x86.Deploy.0 = Release|Any CPU
		{1166CEBF-3988-48F2-8EAD-36D93ECE1A49}.Debug|Any CPU.ActiveCfg = Debug|iPhoneSimulator
		{1166CEBF-3988-48F2-8EAD-36D93ECE1A49}.Debug|Any CPU.Build.0 = Debug|iPhoneSimulator
		{1166CEBF-3988-48F2-8EAD-36D93ECE1A49}.Debug|Any CPU.Deploy.0 = Debug|iPhoneSimulator
		{1166CEBF-3988-48F2-8EAD-36D93ECE1A49}.Debug|ARM.ActiveCfg = Debug|iPhone
		{1166CEBF-3988-48F2-8EAD-36D93ECE1A49}.Debug|ARM.Build.0 = Debug|iPhone
		{1166CEBF-3988-48F2-8EAD-36D93ECE1A49}.Debug|ARM.Deploy.0 = Debug|iPhone
		{1166CEBF-3988-48F2-8EAD-36D93ECE1A49}.Debug|iPhone.ActiveCfg = Debug|iPhone
		{1166CEBF-3988-48F2-8EAD-36D93ECE1A49}.Debug|iPhone.Build.0 = Debug|iPhone
		{1166CEBF-3988-48F2-8EAD-36D93ECE1A49}.Debug|iPhone.Deploy.0 = Debug|iPhone
		{1166CEBF-3988-48F2-8EAD-36D93ECE1A49}.Debug|iPhoneSimulator.ActiveCfg = Debug|iPhoneSimulator
		{1166CEBF-3988-48F2-8EAD-36D93ECE1A49}.Debug|iPhoneSimulator.Build.0 = Debug|iPhoneSimulator
		{1166CEBF-3988-48F2-8EAD-36D93ECE1A49}.Debug|iPhoneSimulator.Deploy.0 = Debug|iPhoneSimulator
		{1166CEBF-3988-48F2-8EAD-36D93ECE1A49}.Debug|x64.ActiveCfg = Debug|iPhoneSimulator
		{1166CEBF-3988-48F2-8EAD-36D93ECE1A49}.Debug|x64.Build.0 = Debug|iPhoneSimulator
		{1166CEBF-3988-48F2-8EAD-36D93ECE1A49}.Debug|x64.Deploy.0 = Debug|iPhoneSimulator
		{1166CEBF-3988-48F2-8EAD-36D93ECE1A49}.Debug|x86.ActiveCfg = Debug|iPhoneSimulator
		{1166CEBF-3988-48F2-8EAD-36D93ECE1A49}.Debug|x86.Build.0 = Debug|iPhoneSimulator
		{1166CEBF-3988-48F2-8EAD-36D93ECE1A49}.Debug|x86.Deploy.0 = Debug|iPhoneSimulator
		{1166CEBF-3988-48F2-8EAD-36D93ECE1A49}.Release|Any CPU.ActiveCfg = Release|iPhoneSimulator
		{1166CEBF-3988-48F2-8EAD-36D93ECE1A49}.Release|Any CPU.Build.0 = Release|iPhoneSimulator
		{1166CEBF-3988-48F2-8EAD-36D93ECE1A49}.Release|Any CPU.Deploy.0 = Release|iPhoneSimulator
		{1166CEBF-3988-48F2-8EAD-36D93ECE1A49}.Release|ARM.ActiveCfg = Release|iPhoneSimulator
		{1166CEBF-3988-48F2-8EAD-36D93ECE1A49}.Release|ARM.Build.0 = Release|iPhoneSimulator
		{1166CEBF-3988-48F2-8EAD-36D93ECE1A49}.Release|ARM.Deploy.0 = Release|iPhoneSimulator
		{1166CEBF-3988-48F2-8EAD-36D93ECE1A49}.Release|iPhone.ActiveCfg = Release|iPhone
		{1166CEBF-3988-48F2-8EAD-36D93ECE1A49}.Release|iPhone.Build.0 = Release|iPhone
		{1166CEBF-3988-48F2-8EAD-36D93ECE1A49}.Release|iPhone.Deploy.0 = Release|iPhone
		{1166CEBF-3988-48F2-8EAD-36D93ECE1A49}.Release|iPhoneSimulator.ActiveCfg = Release|iPhoneSimulator
		{1166CEBF-3988-48F2-8EAD-36D93ECE1A49}.Release|iPhoneSimulator.Build.0 = Release|iPhoneSimulator
		{1166CEBF-3988-48F2-8EAD-36D93ECE1A49}.Release|iPhoneSimulator.Deploy.0 = Release|iPhoneSimulator
		{1166CEBF-3988-48F2-8EAD-36D93ECE1A49}.Release|x64.ActiveCfg = Release|iPhoneSimulator
		{1166CEBF-3988-48F2-8EAD-36D93ECE1A49}.Release|x64.Build.0 = Release|iPhoneSimulator
		{1166CEBF-3988-48F2-8EAD-36D93ECE1A49}.Release|x64.Deploy.0 = Release|iPhoneSimulator
		{1166CEBF-3988-48F2-8EAD-36D93ECE1A49}.Release|x86.ActiveCfg = Release|iPhoneSimulator
		{1166CEBF-3988-48F2-8EAD-36D93ECE1A49}.Release|x86.Build.0 = Release|iPhoneSimulator
		{1166CEBF-3988-48F2-8EAD-36D93ECE1A49}.Release|x86.Deploy.0 = Release|iPhoneSimulator
		{DA254FAD-7FCC-4BCB-AA5D-FF32D891A147}.Debug|Any CPU.ActiveCfg = Debug|Any CPU
		{DA254FAD-7FCC-4BCB-AA5D-FF32D891A147}.Debug|Any CPU.Build.0 = Debug|Any CPU
		{DA254FAD-7FCC-4BCB-AA5D-FF32D891A147}.Debug|Any CPU.Deploy.0 = Debug|Any CPU
		{DA254FAD-7FCC-4BCB-AA5D-FF32D891A147}.Debug|ARM.ActiveCfg = Debug|Any CPU
		{DA254FAD-7FCC-4BCB-AA5D-FF32D891A147}.Debug|ARM.Build.0 = Debug|Any CPU
		{DA254FAD-7FCC-4BCB-AA5D-FF32D891A147}.Debug|ARM.Deploy.0 = Debug|Any CPU
		{DA254FAD-7FCC-4BCB-AA5D-FF32D891A147}.Debug|iPhone.ActiveCfg = Debug|Any CPU
		{DA254FAD-7FCC-4BCB-AA5D-FF32D891A147}.Debug|iPhone.Build.0 = Debug|Any CPU
		{DA254FAD-7FCC-4BCB-AA5D-FF32D891A147}.Debug|iPhone.Deploy.0 = Debug|Any CPU
		{DA254FAD-7FCC-4BCB-AA5D-FF32D891A147}.Debug|iPhoneSimulator.ActiveCfg = Debug|Any CPU
		{DA254FAD-7FCC-4BCB-AA5D-FF32D891A147}.Debug|iPhoneSimulator.Build.0 = Debug|Any CPU
		{DA254FAD-7FCC-4BCB-AA5D-FF32D891A147}.Debug|iPhoneSimulator.Deploy.0 = Debug|Any CPU
		{DA254FAD-7FCC-4BCB-AA5D-FF32D891A147}.Debug|x64.ActiveCfg = Debug|Any CPU
		{DA254FAD-7FCC-4BCB-AA5D-FF32D891A147}.Debug|x64.Build.0 = Debug|Any CPU
		{DA254FAD-7FCC-4BCB-AA5D-FF32D891A147}.Debug|x64.Deploy.0 = Debug|Any CPU
		{DA254FAD-7FCC-4BCB-AA5D-FF32D891A147}.Debug|x86.ActiveCfg = Debug|Any CPU
		{DA254FAD-7FCC-4BCB-AA5D-FF32D891A147}.Debug|x86.Build.0 = Debug|Any CPU
		{DA254FAD-7FCC-4BCB-AA5D-FF32D891A147}.Debug|x86.Deploy.0 = Debug|Any CPU
		{DA254FAD-7FCC-4BCB-AA5D-FF32D891A147}.Release|Any CPU.ActiveCfg = Release|Any CPU
		{DA254FAD-7FCC-4BCB-AA5D-FF32D891A147}.Release|Any CPU.Build.0 = Release|Any CPU
		{DA254FAD-7FCC-4BCB-AA5D-FF32D891A147}.Release|Any CPU.Deploy.0 = Release|Any CPU
		{DA254FAD-7FCC-4BCB-AA5D-FF32D891A147}.Release|ARM.ActiveCfg = Release|Any CPU
		{DA254FAD-7FCC-4BCB-AA5D-FF32D891A147}.Release|ARM.Build.0 = Release|Any CPU
		{DA254FAD-7FCC-4BCB-AA5D-FF32D891A147}.Release|ARM.Deploy.0 = Release|Any CPU
		{DA254FAD-7FCC-4BCB-AA5D-FF32D891A147}.Release|iPhone.ActiveCfg = Release|Any CPU
		{DA254FAD-7FCC-4BCB-AA5D-FF32D891A147}.Release|iPhone.Build.0 = Release|Any CPU
		{DA254FAD-7FCC-4BCB-AA5D-FF32D891A147}.Release|iPhone.Deploy.0 = Release|Any CPU
		{DA254FAD-7FCC-4BCB-AA5D-FF32D891A147}.Release|iPhoneSimulator.ActiveCfg = Release|Any CPU
		{DA254FAD-7FCC-4BCB-AA5D-FF32D891A147}.Release|iPhoneSimulator.Build.0 = Release|Any CPU
		{DA254FAD-7FCC-4BCB-AA5D-FF32D891A147}.Release|iPhoneSimulator.Deploy.0 = Release|Any CPU
		{DA254FAD-7FCC-4BCB-AA5D-FF32D891A147}.Release|x64.ActiveCfg = Release|Any CPU
		{DA254FAD-7FCC-4BCB-AA5D-FF32D891A147}.Release|x64.Build.0 = Release|Any CPU
		{DA254FAD-7FCC-4BCB-AA5D-FF32D891A147}.Release|x64.Deploy.0 = Release|Any CPU
		{DA254FAD-7FCC-4BCB-AA5D-FF32D891A147}.Release|x86.ActiveCfg = Release|Any CPU
		{DA254FAD-7FCC-4BCB-AA5D-FF32D891A147}.Release|x86.Build.0 = Release|Any CPU
		{DA254FAD-7FCC-4BCB-AA5D-FF32D891A147}.Release|x86.Deploy.0 = Release|Any CPU
	EndGlobalSection
	GlobalSection(SolutionProperties) = preSolution
		HideSolutionNode = FALSE
	EndGlobalSection
	GlobalSection(ExtensibilityGlobals) = postSolution
		SolutionGuid = {5782127F-BF85-4379-81D6-DC0EA835070D}
	EndGlobalSection
EndGlobal
